
Microsoft Visual Studio Solution File, Format Version 12.00
# Visual Studio Version 16
VisualStudioVersion = 16.0.30907.101
MinimumVisualStudioVersion = 10.0.40219.1
Project("{FAE04EC0-301F-11D3-BF4B-00C04F79EFBC}") = "ParqueAPIPrivado", "ParqueAPIPrivado\ParqueAPIPrivado.csproj", "{97A9D099-4904-4CC8-BBEC-A042DB36AF6E}"
EndProject
Global
	GlobalSection(SolutionConfigurationPlatforms) = preSolution
		Debug|Any CPU = Debug|Any CPU
		Release|Any CPU = Release|Any CPU
	EndGlobalSection
	GlobalSection(ProjectConfigurationPlatforms) = postSolution
		{97A9D099-4904-4CC8-BBEC-A042DB36AF6E}.Debug|Any CPU.ActiveCfg = Debug|Any CPU
		{97A9D099-4904-4CC8-BBEC-A042DB36AF6E}.Debug|Any CPU.Build.0 = Debug|Any CPU
		{97A9D099-4904-4CC8-BBEC-A042DB36AF6E}.Release|Any CPU.ActiveCfg = Release|Any CPU
		{97A9D099-4904-4CC8-BBEC-A042DB36AF6E}.Release|Any CPU.Build.0 = Release|Any CPU
	EndGlobalSection
	GlobalSection(SolutionProperties) = preSolution
		HideSolutionNode = FALSE
	EndGlobalSection
	GlobalSection(ExtensibilityGlobals) = postSolution
		SolutionGuid = {B37FF3A5-9227-4D9A-9D1E-6DFAF0B8D6F1}
	EndGlobalSection
EndGlobal
