
Microsoft Visual Studio Solution File, Format Version 12.00
# Visual Studio Version 16
VisualStudioVersion = 16.0.31019.35
MinimumVisualStudioVersion = 10.0.40219.1
Project("{FAE04EC0-301F-11D3-BF4B-00C04F79EFBC}") = "PseudoFront_", "PseudoFront_\PseudoFront_.csproj", "{461FC927-8C58-432F-A4C1-2CB752F7880F}"
EndProject
Global
	GlobalSection(SolutionConfigurationPlatforms) = preSolution
		Debug|Any CPU = Debug|Any CPU
		Release|Any CPU = Release|Any CPU
	EndGlobalSection
	GlobalSection(ProjectConfigurationPlatforms) = postSolution
		{461FC927-8C58-432F-A4C1-2CB752F7880F}.Debug|Any CPU.ActiveCfg = Debug|Any CPU
		{461FC927-8C58-432F-A4C1-2CB752F7880F}.Debug|Any CPU.Build.0 = Debug|Any CPU
		{461FC927-8C58-432F-A4C1-2CB752F7880F}.Release|Any CPU.ActiveCfg = Release|Any CPU
		{461FC927-8C58-432F-A4C1-2CB752F7880F}.Release|Any CPU.Build.0 = Release|Any CPU
	EndGlobalSection
	GlobalSection(SolutionProperties) = preSolution
		HideSolutionNode = FALSE
	EndGlobalSection
	GlobalSection(ExtensibilityGlobals) = postSolution
		SolutionGuid = {4FED7EE1-38B4-433B-99F2-DC17A3B55B72}
	EndGlobalSection
EndGlobal
