
Microsoft Visual Studio Solution File, Format Version 12.00
# Visual Studio Version 16
VisualStudioVersion = 16.0.31019.35
MinimumVisualStudioVersion = 10.0.40219.1
Project("{9A19103F-16F7-4668-BE54-9A1E7A4F7556}") = "PaqueAPICentral", "PseudoCompany__\PaqueAPICentral.csproj", "{F84501E7-A3C9-4E22-B3ED-00B7BD62B7EC}"
EndProject
Global
	GlobalSection(SolutionConfigurationPlatforms) = preSolution
		Debug|Any CPU = Debug|Any CPU
		Release|Any CPU = Release|Any CPU
	EndGlobalSection
	GlobalSection(ProjectConfigurationPlatforms) = postSolution
		{F84501E7-A3C9-4E22-B3ED-00B7BD62B7EC}.Debug|Any CPU.ActiveCfg = Debug|Any CPU
		{F84501E7-A3C9-4E22-B3ED-00B7BD62B7EC}.Debug|Any CPU.Build.0 = Debug|Any CPU
		{F84501E7-A3C9-4E22-B3ED-00B7BD62B7EC}.Release|Any CPU.ActiveCfg = Release|Any CPU
		{F84501E7-A3C9-4E22-B3ED-00B7BD62B7EC}.Release|Any CPU.Build.0 = Release|Any CPU
	EndGlobalSection
	GlobalSection(SolutionProperties) = preSolution
		HideSolutionNode = FALSE
	EndGlobalSection
	GlobalSection(ExtensibilityGlobals) = postSolution
		SolutionGuid = {404FA570-8FA9-4EC0-A87E-390D36B47799}
	EndGlobalSection
EndGlobal
